// !$*UTF8*$!
{
	archiveVersion = 1;
	classes = {
	};
	objectVersion = 52;
	objects = {

/* Begin PBXBuildFile section */
		5579EB75263E06920086A4BE /* URLExtensions.swift in Sources */ = {isa = PBXBuildFile; fileRef = 5579EB74263E06920086A4BE /* URLExtensions.swift */; };
		960451E725F0F46000F34D9A /* BarGraphFrame.swift in Sources */ = {isa = PBXBuildFile; fileRef = 960451E625F0F46000F34D9A /* BarGraphFrame.swift */; };
		9609087F2604A10900EB4242 /* LearningGoalsView.swift in Sources */ = {isa = PBXBuildFile; fileRef = 9609087E2604A10900EB4242 /* LearningGoalsView.swift */; };
		960A8B2125E7B9FA00492C3F /* RadarGraphFrame.swift in Sources */ = {isa = PBXBuildFile; fileRef = 960A8B2025E7B9FA00492C3F /* RadarGraphFrame.swift */; };
		96114BBC25EFA28C00FA119C /* DropDownMenuCompass.swift in Sources */ = {isa = PBXBuildFile; fileRef = 96114BBB25EFA28C00FA119C /* DropDownMenuCompass.swift */; };
		96114BC125EFA92900FA119C /* ProgressBarGraph.swift in Sources */ = {isa = PBXBuildFile; fileRef = 96114BC025EFA92900FA119C /* ProgressBarGraph.swift */; };
		961962462726C49900ECA524 /* AddLOButton.swift in Sources */ = {isa = PBXBuildFile; fileRef = 961962452726C49900ECA524 /* AddLOButton.swift */; };
		961DB4CE25E668410020E9F6 /* DatePicker.swift in Sources */ = {isa = PBXBuildFile; fileRef = 961DB4CD25E668410020E9F6 /* DatePicker.swift */; };
		961DB4E225E66F610020E9F6 /* SliderView.swift in Sources */ = {isa = PBXBuildFile; fileRef = 961DB4E125E66F610020E9F6 /* SliderView.swift */; };
		9622DCE525DE80DA009ECCB4 /* CompassPopover.swift in Sources */ = {isa = PBXBuildFile; fileRef = 9622DCE425DE80DA009ECCB4 /* CompassPopover.swift */; };
		9624648227CD138C00A83417 /* ChallengeChanger.swift in Sources */ = {isa = PBXBuildFile; fileRef = 9624648127CD138C00A83417 /* ChallengeChanger.swift */; };
		962F090E25E7C4F1001EAE85 /* ParticularCircle.swift in Sources */ = {isa = PBXBuildFile; fileRef = 962F090D25E7C4F1001EAE85 /* ParticularCircle.swift */; };
		96314B1E27C4E51800293E44 /* SegmentedControl.swift in Sources */ = {isa = PBXBuildFile; fileRef = 96314B1D27C4E51800293E44 /* SegmentedControl.swift */; };
		9641C4A525778F1D0088A0B6 /* SizesExtension.swift in Sources */ = {isa = PBXBuildFile; fileRef = 9641C4A425778F1D0088A0B6 /* SizesExtension.swift */; };
		964448BD25E500EA00F8359F /* Shapes in Frameworks */ = {isa = PBXBuildFile; productRef = 964448BC25E500EA00F8359F /* Shapes */; };
		964B662C256E6020006AB20E /* LJMApp.swift in Sources */ = {isa = PBXBuildFile; fileRef = 964B662B256E6020006AB20E /* LJMApp.swift */; };
		964B6630256E6022006AB20E /* Assets.xcassets in Resources */ = {isa = PBXBuildFile; fileRef = 964B662F256E6022006AB20E /* Assets.xcassets */; };
		964B6633256E6022006AB20E /* Preview Assets.xcassets in Resources */ = {isa = PBXBuildFile; fileRef = 964B6632256E6022006AB20E /* Preview Assets.xcassets */; };
		964B663F256E6022006AB20E /* LJMTests.swift in Sources */ = {isa = PBXBuildFile; fileRef = 964B663E256E6022006AB20E /* LJMTests.swift */; };
		964B664A256E6022006AB20E /* LJMUITests.swift in Sources */ = {isa = PBXBuildFile; fileRef = 964B6649256E6022006AB20E /* LJMUITests.swift */; };
		964B665E256E64FD006AB20E /* StudentPictureView.swift in Sources */ = {isa = PBXBuildFile; fileRef = 964B665D256E64FD006AB20E /* StudentPictureView.swift */; };
		964C75A925EE5983002D8634 /* LegendView.swift in Sources */ = {isa = PBXBuildFile; fileRef = 964C75A825EE5983002D8634 /* LegendView.swift */; };
		96533794260C898400316B7C /* StackNavigationView.swift in Sources */ = {isa = PBXBuildFile; fileRef = 96533793260C898400316B7C /* StackNavigationView.swift */; };
		965B5AA3274E45B4003420B2 /* CursorsExtension.swift in Sources */ = {isa = PBXBuildFile; fileRef = 965B5AA2274E45B4003420B2 /* CursorsExtension.swift */; };
		9670A96E256EAA330043F227 /* SidebarElements.swift in Sources */ = {isa = PBXBuildFile; fileRef = 9670A96D256EAA330043F227 /* SidebarElements.swift */; };
		9670A976257105290043F227 /* StartView.swift in Sources */ = {isa = PBXBuildFile; fileRef = 9670A975257105290043F227 /* StartView.swift */; };
		9672C8F425E3F46B005CC753 /* RadarChartView.swift in Sources */ = {isa = PBXBuildFile; fileRef = 9672C8F325E3F46B005CC753 /* RadarChartView.swift */; };
		9673746B2733EDAD00A0EC5A /* DeleteButton.swift in Sources */ = {isa = PBXBuildFile; fileRef = 9673746A2733EDAD00A0EC5A /* DeleteButton.swift */; };
		968BFD3027298BF70025108D /* InfoButtonBarGraph.swift in Sources */ = {isa = PBXBuildFile; fileRef = 968BFD2F27298BF70025108D /* InfoButtonBarGraph.swift */; };
		9696F9332726A13A009614F4 /* SortButtonMenu.swift in Sources */ = {isa = PBXBuildFile; fileRef = 9696F9322726A13A009614F4 /* SortButtonMenu.swift */; };
		9696F9352726A764009614F4 /* ContextMenuFilters.swift in Sources */ = {isa = PBXBuildFile; fileRef = 9696F9342726A764009614F4 /* ContextMenuFilters.swift */; };
		969DEAE625DFDEBD00599D63 /* CompassView.swift in Sources */ = {isa = PBXBuildFile; fileRef = 969DEAE525DFDEBD00599D63 /* CompassView.swift */; };
		96A4105125726DD600ACA0DE /* AddButton.swift in Sources */ = {isa = PBXBuildFile; fileRef = 96A4105025726DD600ACA0DE /* AddButton.swift */; };
		96BBAA85268325F000E9932E /* InfoButton.swift in Sources */ = {isa = PBXBuildFile; fileRef = 96BBAA84268325F000E9932E /* InfoButton.swift */; };
		96BE89D0257553BF00BE9E8F /* CountDownWrapper.swift in Sources */ = {isa = PBXBuildFile; fileRef = 96BE89CF257553BF00BE9E8F /* CountDownWrapper.swift */; };
		96CC613F257A38FC00CE7ABD /* DropDownMenuFilters.swift in Sources */ = {isa = PBXBuildFile; fileRef = 96CC613D257A38FC00CE7ABD /* DropDownMenuFilters.swift */; };
		96CE7BC625C4183A006C4CDA /* FilterChoice.swift in Sources */ = {isa = PBXBuildFile; fileRef = 96CE7BC525C4183A006C4CDA /* FilterChoice.swift */; };
		96E2DD852726EF170007D49B /* SearchBar.swift in Sources */ = {isa = PBXBuildFile; fileRef = 96E2DD842726EF170007D49B /* SearchBar.swift */; };
		A018956F275789D60054B1E6 /* Filters.swift in Sources */ = {isa = PBXBuildFile; fileRef = A018956E275789D60054B1E6 /* Filters.swift */; };
		A032CC6A27B1325B00D7E25B /* TopbarWithBack.swift in Sources */ = {isa = PBXBuildFile; fileRef = A032CC6927B1325B00D7E25B /* TopbarWithBack.swift */; };
		A0682D2C275A1D180068BA60 /* FIltersModel.swift in Sources */ = {isa = PBXBuildFile; fileRef = A0682D2B275A1D180068BA60 /* FIltersModel.swift */; };
		A08AA80627A14C9400F5FA63 /* DropboxManager.swift in Sources */ = {isa = PBXBuildFile; fileRef = A08AA80527A14C9400F5FA63 /* DropboxManager.swift */; };
		E0267EFE27BA5DF40094DA17 /* ChallengeView.swift in Sources */ = {isa = PBXBuildFile; fileRef = E0267EFD27BA5DF40094DA17 /* ChallengeView.swift */; };
		E0267F0027BA5E100094DA17 /* MainChallenge.swift in Sources */ = {isa = PBXBuildFile; fileRef = E0267EFF27BA5E100094DA17 /* MainChallenge.swift */; };
		E0267F0227BA5E1E0094DA17 /* OtherChallenges.swift in Sources */ = {isa = PBXBuildFile; fileRef = E0267F0127BA5E1E0094DA17 /* OtherChallenges.swift */; };
		E02C351B274F8F6E00DD060C /* ALL PATHS-New.csv in Resources */ = {isa = PBXBuildFile; fileRef = E02C351A274F8F6E00DD060C /* ALL PATHS-New.csv */; };
		E02DFE8A270AEC3F004FF8B7 /* newModels.swift in Sources */ = {isa = PBXBuildFile; fileRef = E02DFE89270AEC3F004FF8B7 /* newModels.swift */; };
		E02DFE8C270C41E5004FF8B7 /* Observable.swift in Sources */ = {isa = PBXBuildFile; fileRef = E02DFE8B270C41E5004FF8B7 /* Observable.swift */; };
		E04251AD27295F34000A1D69 /* StudentData.xcdatamodeld in Sources */ = {isa = PBXBuildFile; fileRef = E04251AB27295F34000A1D69 /* StudentData.xcdatamodeld */; };
		E04251B3272AAABA000A1D69 /* percistency_Manager.swift in Sources */ = {isa = PBXBuildFile; fileRef = E04251B2272AAABA000A1D69 /* percistency_Manager.swift */; };
		E04251B72733EACD000A1D69 /* CoreRadarChartView.swift in Sources */ = {isa = PBXBuildFile; fileRef = E04251B62733EACD000A1D69 /* CoreRadarChartView.swift */; };
		E052188F27BD31C6008CBA14 /* ChallengeMainView.swift in Sources */ = {isa = PBXBuildFile; fileRef = E052188E27BD31C6008CBA14 /* ChallengeMainView.swift */; };
		E052189127BD38EC008CBA14 /* SpecificChallengeView.swift in Sources */ = {isa = PBXBuildFile; fileRef = E052189027BD38EC008CBA14 /* SpecificChallengeView.swift */; };
		E0952800276B4DE5007AC788 /* Server Structures.swift in Sources */ = {isa = PBXBuildFile; fileRef = E09527FF276B4DE5007AC788 /* Server Structures.swift */; };
		E0952802276B5060007AC788 /* Services.swift in Sources */ = {isa = PBXBuildFile; fileRef = E0952801276B5060007AC788 /* Services.swift */; };
		E0A3759927CCB6E600B46ECE /* Challeges.csv in Resources */ = {isa = PBXBuildFile; fileRef = E0A3759727CCB6E600B46ECE /* Challeges.csv */; };
		E0A3759B27CCEB1700B46ECE /* LearningObjectives.csv in Resources */ = {isa = PBXBuildFile; fileRef = E0A3759A27CCEB1700B46ECE /* LearningObjectives.csv */; };
		E0BFADFB27B26DCD008FCAE6 /* MainCompassView.swift in Sources */ = {isa = PBXBuildFile; fileRef = E0BFADFA27B26DCD008FCAE6 /* MainCompassView.swift */; };
		E0E87CD6272801C900FEF3D6 /* DocDemoDocument.swift in Sources */ = {isa = PBXBuildFile; fileRef = E0E87CD5272801C900FEF3D6 /* DocDemoDocument.swift */; };
		EA139BD42640910900E15E28 /* JWTDecode in Frameworks */ = {isa = PBXBuildFile; productRef = EA139BD32640910900E15E28 /* JWTDecode */; };
		EA5B445D262E6F23002A97C7 /* MyJourneyMainView.swift in Sources */ = {isa = PBXBuildFile; fileRef = EA5B445C262E6F23002A97C7 /* MyJourneyMainView.swift */; };
		EA5B447826310DF7002A97C7 /* SwiftKeychainWrapper in Frameworks */ = {isa = PBXBuildFile; productRef = EA5B447726310DF7002A97C7 /* SwiftKeychainWrapper */; };
		EA686EF9256EE4F300C121DC /* TopBarJourney.swift in Sources */ = {isa = PBXBuildFile; fileRef = EA686EF8256EE4F300C121DC /* TopBarJourney.swift */; };
		EA686F07256EF1F100C121DC /* MapMainView.swift in Sources */ = {isa = PBXBuildFile; fileRef = EA686F06256EF1F100C121DC /* MapMainView.swift */; };
		EA686F10256EF67B00C121DC /* MyJourneyView.swift in Sources */ = {isa = PBXBuildFile; fileRef = EA686F0F256EF67B00C121DC /* MyJourneyView.swift */; };
		EA686F18256EF69100C121DC /* MapView.swift in Sources */ = {isa = PBXBuildFile; fileRef = EA686F17256EF69100C121DC /* MapView.swift */; };
		EA686F25256EFBFA00C121DC /* SearchBarExpandableJourney.swift in Sources */ = {isa = PBXBuildFile; fileRef = EA686F24256EFBFA00C121DC /* SearchBarExpandableJourney.swift */; };
		EA686F2E256F25CF00C121DC /* Extensions.swift in Sources */ = {isa = PBXBuildFile; fileRef = EA686F2D256F25CF00C121DC /* Extensions.swift */; };
		EA7028902572FDD300E1B6EB /* RatingView.swift in Sources */ = {isa = PBXBuildFile; fileRef = EA70288F2572FDD300E1B6EB /* RatingView.swift */; };
		EA7028B52579B2CF00E1B6EB /* BackgroundImageReadingStudent.swift in Sources */ = {isa = PBXBuildFile; fileRef = EA7028B42579B2CF00E1B6EB /* BackgroundImageReadingStudent.swift */; };
		EA7028BA2579C75000E1B6EB /* ScrollViewFilters.swift in Sources */ = {isa = PBXBuildFile; fileRef = EA7028B92579C75000E1B6EB /* ScrollViewFilters.swift */; };
		EA7028D12579E32500E1B6EB /* ColorsExtension.swift in Sources */ = {isa = PBXBuildFile; fileRef = EA7028D02579E32500E1B6EB /* ColorsExtension.swift */; };
		EA7335682648B817004B761A /* Introspect in Frameworks */ = {isa = PBXBuildFile; productRef = EA7335672648B817004B761A /* Introspect */; };
		EACB5D8025C2D0A2006BA903 /* HistoryProgressView.swift in Sources */ = {isa = PBXBuildFile; fileRef = EACB5D7F25C2D0A2006BA903 /* HistoryProgressView.swift */; };
		EACD022F25D37B15008D12FE /* TitleScreenView.swift in Sources */ = {isa = PBXBuildFile; fileRef = EACD022E25D37B15008D12FE /* TitleScreenView.swift */; };
		EACD023425D37CCB008D12FE /* DescriptionTitleScreenView.swift in Sources */ = {isa = PBXBuildFile; fileRef = EACD023325D37CCB008D12FE /* DescriptionTitleScreenView.swift */; };
		EACD023925D382AD008D12FE /* NumberTotalLearningObjectivesView.swift in Sources */ = {isa = PBXBuildFile; fileRef = EACD023825D382AD008D12FE /* NumberTotalLearningObjectivesView.swift */; };
		EACD024225D502AB008D12FE /* Modifiers.swift in Sources */ = {isa = PBXBuildFile; fileRef = EACD024125D502AB008D12FE /* Modifiers.swift */; };
		EACD024A25D532A9008D12FE /* Webservices.swift in Sources */ = {isa = PBXBuildFile; fileRef = EACD024925D532A9008D12FE /* Webservices.swift */; };
		EACD026C25DE8781008D12FE /* CustomDropDownMenuSelectPath.swift in Sources */ = {isa = PBXBuildFile; fileRef = EACD026B25DE8781008D12FE /* CustomDropDownMenuSelectPath.swift */; };
		EACD027125DE88AA008D12FE /* DropDownMenuSelectPath.swift in Sources */ = {isa = PBXBuildFile; fileRef = EACD027025DE88AA008D12FE /* DropDownMenuSelectPath.swift */; };
		EAD2C81A257085CA008CDDA1 /* LearningObjectiveJourneyCell.swift in Sources */ = {isa = PBXBuildFile; fileRef = EAD2C819257085CA008CDDA1 /* LearningObjectiveJourneyCell.swift */; };
		EAE297AC2770A402005BD594 /* Topbar.swift in Sources */ = {isa = PBXBuildFile; fileRef = EAE297AB2770A402005BD594 /* Topbar.swift */; };
		EAF37039257A2A4900C72707 /* EmptyLearningObjectiveViewJourney.swift in Sources */ = {isa = PBXBuildFile; fileRef = EAF37038257A2A4900C72707 /* EmptyLearningObjectiveViewJourney.swift */; };
		EAF3703E257A2AC400C72707 /* ScrollViewLearningObjectives.swift in Sources */ = {isa = PBXBuildFile; fileRef = EAF3703D257A2AC400C72707 /* ScrollViewLearningObjectives.swift */; };
/* End PBXBuildFile section */

/* Begin PBXContainerItemProxy section */
		964B663B256E6022006AB20E /* PBXContainerItemProxy */ = {
			isa = PBXContainerItemProxy;
			containerPortal = 964B6620256E6020006AB20E /* Project object */;
			proxyType = 1;
			remoteGlobalIDString = 964B6627256E6020006AB20E;
			remoteInfo = LJM;
		};
		964B6646256E6022006AB20E /* PBXContainerItemProxy */ = {
			isa = PBXContainerItemProxy;
			containerPortal = 964B6620256E6020006AB20E /* Project object */;
			proxyType = 1;
			remoteGlobalIDString = 964B6627256E6020006AB20E;
			remoteInfo = LJM;
		};
/* End PBXContainerItemProxy section */

/* Begin PBXCopyFilesBuildPhase section */
		969DEAF025DFE39300599D63 /* Embed Frameworks */ = {
			isa = PBXCopyFilesBuildPhase;
			buildActionMask = 2147483647;
			dstPath = "";
			dstSubfolderSpec = 10;
			files = (
			);
			name = "Embed Frameworks";
			runOnlyForDeploymentPostprocessing = 0;
		};
/* End PBXCopyFilesBuildPhase section */

/* Begin PBXFileReference section */
		5579EB74263E06920086A4BE /* URLExtensions.swift */ = {isa = PBXFileReference; lastKnownFileType = sourcecode.swift; path = URLExtensions.swift; sourceTree = "<group>"; };
		960451E625F0F46000F34D9A /* BarGraphFrame.swift */ = {isa = PBXFileReference; lastKnownFileType = sourcecode.swift; path = BarGraphFrame.swift; sourceTree = "<group>"; };
		9609087E2604A10900EB4242 /* LearningGoalsView.swift */ = {isa = PBXFileReference; lastKnownFileType = sourcecode.swift; path = LearningGoalsView.swift; sourceTree = "<group>"; };
		960A8B2025E7B9FA00492C3F /* RadarGraphFrame.swift */ = {isa = PBXFileReference; lastKnownFileType = sourcecode.swift; path = RadarGraphFrame.swift; sourceTree = "<group>"; };
		96114BBB25EFA28C00FA119C /* DropDownMenuCompass.swift */ = {isa = PBXFileReference; lastKnownFileType = sourcecode.swift; path = DropDownMenuCompass.swift; sourceTree = "<group>"; };
		96114BC025EFA92900FA119C /* ProgressBarGraph.swift */ = {isa = PBXFileReference; lastKnownFileType = sourcecode.swift; path = ProgressBarGraph.swift; sourceTree = "<group>"; };
		961962452726C49900ECA524 /* AddLOButton.swift */ = {isa = PBXFileReference; lastKnownFileType = sourcecode.swift; path = AddLOButton.swift; sourceTree = "<group>"; };
		961DB4CD25E668410020E9F6 /* DatePicker.swift */ = {isa = PBXFileReference; lastKnownFileType = sourcecode.swift; path = DatePicker.swift; sourceTree = "<group>"; };
		961DB4E125E66F610020E9F6 /* SliderView.swift */ = {isa = PBXFileReference; lastKnownFileType = sourcecode.swift; path = SliderView.swift; sourceTree = "<group>"; };
		9622DCE425DE80DA009ECCB4 /* CompassPopover.swift */ = {isa = PBXFileReference; lastKnownFileType = sourcecode.swift; path = CompassPopover.swift; sourceTree = "<group>"; };
		9624648127CD138C00A83417 /* ChallengeChanger.swift */ = {isa = PBXFileReference; lastKnownFileType = sourcecode.swift; path = ChallengeChanger.swift; sourceTree = "<group>"; };
		962F090D25E7C4F1001EAE85 /* ParticularCircle.swift */ = {isa = PBXFileReference; lastKnownFileType = sourcecode.swift; path = ParticularCircle.swift; sourceTree = "<group>"; };
		96314B1D27C4E51800293E44 /* SegmentedControl.swift */ = {isa = PBXFileReference; lastKnownFileType = sourcecode.swift; path = SegmentedControl.swift; sourceTree = "<group>"; };
		9641C4A425778F1D0088A0B6 /* SizesExtension.swift */ = {isa = PBXFileReference; lastKnownFileType = sourcecode.swift; path = SizesExtension.swift; sourceTree = "<group>"; };
		964B6628256E6020006AB20E /* LJM.app */ = {isa = PBXFileReference; explicitFileType = wrapper.application; includeInIndex = 0; path = LJM.app; sourceTree = BUILT_PRODUCTS_DIR; };
		964B662B256E6020006AB20E /* LJMApp.swift */ = {isa = PBXFileReference; lastKnownFileType = sourcecode.swift; path = LJMApp.swift; sourceTree = "<group>"; };
		964B662F256E6022006AB20E /* Assets.xcassets */ = {isa = PBXFileReference; lastKnownFileType = folder.assetcatalog; path = Assets.xcassets; sourceTree = "<group>"; };
		964B6632256E6022006AB20E /* Preview Assets.xcassets */ = {isa = PBXFileReference; lastKnownFileType = folder.assetcatalog; path = "Preview Assets.xcassets"; sourceTree = "<group>"; };
		964B6634256E6022006AB20E /* Info.plist */ = {isa = PBXFileReference; lastKnownFileType = text.plist.xml; path = Info.plist; sourceTree = "<group>"; };
		964B663A256E6022006AB20E /* LJMTests.xctest */ = {isa = PBXFileReference; explicitFileType = wrapper.cfbundle; includeInIndex = 0; path = LJMTests.xctest; sourceTree = BUILT_PRODUCTS_DIR; };
		964B663E256E6022006AB20E /* LJMTests.swift */ = {isa = PBXFileReference; lastKnownFileType = sourcecode.swift; path = LJMTests.swift; sourceTree = "<group>"; };
		964B6640256E6022006AB20E /* Info.plist */ = {isa = PBXFileReference; lastKnownFileType = text.plist.xml; path = Info.plist; sourceTree = "<group>"; };
		964B6645256E6022006AB20E /* LJMUITests.xctest */ = {isa = PBXFileReference; explicitFileType = wrapper.cfbundle; includeInIndex = 0; path = LJMUITests.xctest; sourceTree = BUILT_PRODUCTS_DIR; };
		964B6649256E6022006AB20E /* LJMUITests.swift */ = {isa = PBXFileReference; lastKnownFileType = sourcecode.swift; path = LJMUITests.swift; sourceTree = "<group>"; };
		964B664B256E6022006AB20E /* Info.plist */ = {isa = PBXFileReference; lastKnownFileType = text.plist.xml; path = Info.plist; sourceTree = "<group>"; };
		964B665D256E64FD006AB20E /* StudentPictureView.swift */ = {isa = PBXFileReference; lastKnownFileType = sourcecode.swift; path = StudentPictureView.swift; sourceTree = "<group>"; };
		964C75A825EE5983002D8634 /* LegendView.swift */ = {isa = PBXFileReference; lastKnownFileType = sourcecode.swift; path = LegendView.swift; sourceTree = "<group>"; };
		96533793260C898400316B7C /* StackNavigationView.swift */ = {isa = PBXFileReference; lastKnownFileType = sourcecode.swift; path = StackNavigationView.swift; sourceTree = "<group>"; };
		965B5AA2274E45B4003420B2 /* CursorsExtension.swift */ = {isa = PBXFileReference; lastKnownFileType = sourcecode.swift; path = CursorsExtension.swift; sourceTree = "<group>"; };
		9670A96D256EAA330043F227 /* SidebarElements.swift */ = {isa = PBXFileReference; lastKnownFileType = sourcecode.swift; path = SidebarElements.swift; sourceTree = "<group>"; };
		9670A975257105290043F227 /* StartView.swift */ = {isa = PBXFileReference; lastKnownFileType = sourcecode.swift; path = StartView.swift; sourceTree = "<group>"; };
		9672C8F325E3F46B005CC753 /* RadarChartView.swift */ = {isa = PBXFileReference; lastKnownFileType = sourcecode.swift; path = RadarChartView.swift; sourceTree = "<group>"; };
		9673746A2733EDAD00A0EC5A /* DeleteButton.swift */ = {isa = PBXFileReference; lastKnownFileType = sourcecode.swift; path = DeleteButton.swift; sourceTree = "<group>"; };
		968BFD2F27298BF70025108D /* InfoButtonBarGraph.swift */ = {isa = PBXFileReference; lastKnownFileType = sourcecode.swift; path = InfoButtonBarGraph.swift; sourceTree = "<group>"; };
		9696F9322726A13A009614F4 /* SortButtonMenu.swift */ = {isa = PBXFileReference; lastKnownFileType = sourcecode.swift; path = SortButtonMenu.swift; sourceTree = "<group>"; };
		9696F9342726A764009614F4 /* ContextMenuFilters.swift */ = {isa = PBXFileReference; lastKnownFileType = sourcecode.swift; path = ContextMenuFilters.swift; sourceTree = "<group>"; };
		969DEAE525DFDEBD00599D63 /* CompassView.swift */ = {isa = PBXFileReference; lastKnownFileType = sourcecode.swift; path = CompassView.swift; sourceTree = "<group>"; };
		96A4105025726DD600ACA0DE /* AddButton.swift */ = {isa = PBXFileReference; lastKnownFileType = sourcecode.swift; path = AddButton.swift; sourceTree = "<group>"; };
		96B1A08A258397ED006DE527 /* CoreData.framework */ = {isa = PBXFileReference; lastKnownFileType = wrapper.framework; name = CoreData.framework; path = System/Library/Frameworks/CoreData.framework; sourceTree = SDKROOT; };
		96BBAA84268325F000E9932E /* InfoButton.swift */ = {isa = PBXFileReference; lastKnownFileType = sourcecode.swift; path = InfoButton.swift; sourceTree = "<group>"; };
		96BE89CF257553BF00BE9E8F /* CountDownWrapper.swift */ = {isa = PBXFileReference; lastKnownFileType = sourcecode.swift; path = CountDownWrapper.swift; sourceTree = "<group>"; };
		96CC613D257A38FC00CE7ABD /* DropDownMenuFilters.swift */ = {isa = PBXFileReference; fileEncoding = 4; lastKnownFileType = sourcecode.swift; path = DropDownMenuFilters.swift; sourceTree = "<group>"; };
		96CE7BC525C4183A006C4CDA /* FilterChoice.swift */ = {isa = PBXFileReference; lastKnownFileType = sourcecode.swift; path = FilterChoice.swift; sourceTree = "<group>"; };
		96E2DD842726EF170007D49B /* SearchBar.swift */ = {isa = PBXFileReference; lastKnownFileType = sourcecode.swift; path = SearchBar.swift; sourceTree = "<group>"; };
		A018956E275789D60054B1E6 /* Filters.swift */ = {isa = PBXFileReference; lastKnownFileType = sourcecode.swift; path = Filters.swift; sourceTree = "<group>"; };
		A032CC6927B1325B00D7E25B /* TopbarWithBack.swift */ = {isa = PBXFileReference; lastKnownFileType = sourcecode.swift; path = TopbarWithBack.swift; sourceTree = "<group>"; };
		A0682D2B275A1D180068BA60 /* FIltersModel.swift */ = {isa = PBXFileReference; lastKnownFileType = sourcecode.swift; path = FIltersModel.swift; sourceTree = "<group>"; };
		A08AA80527A14C9400F5FA63 /* DropboxManager.swift */ = {isa = PBXFileReference; lastKnownFileType = sourcecode.swift; path = DropboxManager.swift; sourceTree = "<group>"; };
		E000216D274BF0CB0059A1C9 /* LJM.entitlements */ = {isa = PBXFileReference; fileEncoding = 4; lastKnownFileType = text.plist.entitlements; path = LJM.entitlements; sourceTree = "<group>"; };
		E0267EFD27BA5DF40094DA17 /* ChallengeView.swift */ = {isa = PBXFileReference; lastKnownFileType = sourcecode.swift; path = ChallengeView.swift; sourceTree = "<group>"; };
		E0267EFF27BA5E100094DA17 /* MainChallenge.swift */ = {isa = PBXFileReference; lastKnownFileType = sourcecode.swift; path = MainChallenge.swift; sourceTree = "<group>"; };
		E0267F0127BA5E1E0094DA17 /* OtherChallenges.swift */ = {isa = PBXFileReference; lastKnownFileType = sourcecode.swift; path = OtherChallenges.swift; sourceTree = "<group>"; };
		E02C351A274F8F6E00DD060C /* ALL PATHS-New.csv */ = {isa = PBXFileReference; fileEncoding = 4; lastKnownFileType = text; path = "ALL PATHS-New.csv"; sourceTree = "<group>"; };
		E02DFE89270AEC3F004FF8B7 /* newModels.swift */ = {isa = PBXFileReference; lastKnownFileType = sourcecode.swift; path = newModels.swift; sourceTree = "<group>"; };
		E02DFE8B270C41E5004FF8B7 /* Observable.swift */ = {isa = PBXFileReference; lastKnownFileType = sourcecode.swift; path = Observable.swift; sourceTree = "<group>"; };
		E04251AC27295F34000A1D69 /* profile.xcdatamodel */ = {isa = PBXFileReference; lastKnownFileType = wrapper.xcdatamodel; path = profile.xcdatamodel; sourceTree = "<group>"; };
		E04251B2272AAABA000A1D69 /* percistency_Manager.swift */ = {isa = PBXFileReference; lastKnownFileType = sourcecode.swift; path = percistency_Manager.swift; sourceTree = "<group>"; };
		E04251B62733EACD000A1D69 /* CoreRadarChartView.swift */ = {isa = PBXFileReference; lastKnownFileType = sourcecode.swift; path = CoreRadarChartView.swift; sourceTree = "<group>"; };
		E052188E27BD31C6008CBA14 /* ChallengeMainView.swift */ = {isa = PBXFileReference; lastKnownFileType = sourcecode.swift; path = ChallengeMainView.swift; sourceTree = "<group>"; };
		E052189027BD38EC008CBA14 /* SpecificChallengeView.swift */ = {isa = PBXFileReference; lastKnownFileType = sourcecode.swift; path = SpecificChallengeView.swift; sourceTree = "<group>"; };
		E09527FF276B4DE5007AC788 /* Server Structures.swift */ = {isa = PBXFileReference; lastKnownFileType = sourcecode.swift; path = "Server Structures.swift"; sourceTree = "<group>"; };
		E0952801276B5060007AC788 /* Services.swift */ = {isa = PBXFileReference; lastKnownFileType = sourcecode.swift; path = Services.swift; sourceTree = "<group>"; };
		E0A3759727CCB6E600B46ECE /* Challeges.csv */ = {isa = PBXFileReference; fileEncoding = 4; lastKnownFileType = text; path = Challeges.csv; sourceTree = "<group>"; };
		E0A3759A27CCEB1700B46ECE /* LearningObjectives.csv */ = {isa = PBXFileReference; fileEncoding = 4; lastKnownFileType = text; path = LearningObjectives.csv; sourceTree = "<group>"; };
		E0BFADFA27B26DCD008FCAE6 /* MainCompassView.swift */ = {isa = PBXFileReference; lastKnownFileType = sourcecode.swift; path = MainCompassView.swift; sourceTree = "<group>"; };
		E0E87CD5272801C900FEF3D6 /* DocDemoDocument.swift */ = {isa = PBXFileReference; fileEncoding = 4; lastKnownFileType = sourcecode.swift; path = DocDemoDocument.swift; sourceTree = "<group>"; };
		EA5B445C262E6F23002A97C7 /* MyJourneyMainView.swift */ = {isa = PBXFileReference; lastKnownFileType = sourcecode.swift; path = MyJourneyMainView.swift; sourceTree = "<group>"; };
		EA686EF8256EE4F300C121DC /* TopBarJourney.swift */ = {isa = PBXFileReference; lastKnownFileType = sourcecode.swift; path = TopBarJourney.swift; sourceTree = "<group>"; };
		EA686F06256EF1F100C121DC /* MapMainView.swift */ = {isa = PBXFileReference; lastKnownFileType = sourcecode.swift; path = MapMainView.swift; sourceTree = "<group>"; };
		EA686F0F256EF67B00C121DC /* MyJourneyView.swift */ = {isa = PBXFileReference; lastKnownFileType = sourcecode.swift; path = MyJourneyView.swift; sourceTree = "<group>"; };
		EA686F17256EF69100C121DC /* MapView.swift */ = {isa = PBXFileReference; lastKnownFileType = sourcecode.swift; path = MapView.swift; sourceTree = "<group>"; };
		EA686F24256EFBFA00C121DC /* SearchBarExpandableJourney.swift */ = {isa = PBXFileReference; lastKnownFileType = sourcecode.swift; path = SearchBarExpandableJourney.swift; sourceTree = "<group>"; };
		EA686F2D256F25CF00C121DC /* Extensions.swift */ = {isa = PBXFileReference; lastKnownFileType = sourcecode.swift; path = Extensions.swift; sourceTree = "<group>"; };
		EA70288F2572FDD300E1B6EB /* RatingView.swift */ = {isa = PBXFileReference; lastKnownFileType = sourcecode.swift; path = RatingView.swift; sourceTree = "<group>"; };
		EA7028B42579B2CF00E1B6EB /* BackgroundImageReadingStudent.swift */ = {isa = PBXFileReference; lastKnownFileType = sourcecode.swift; path = BackgroundImageReadingStudent.swift; sourceTree = "<group>"; };
		EA7028B92579C75000E1B6EB /* ScrollViewFilters.swift */ = {isa = PBXFileReference; lastKnownFileType = sourcecode.swift; path = ScrollViewFilters.swift; sourceTree = "<group>"; };
		EA7028D02579E32500E1B6EB /* ColorsExtension.swift */ = {isa = PBXFileReference; lastKnownFileType = sourcecode.swift; path = ColorsExtension.swift; sourceTree = "<group>"; };
		EACB5D7F25C2D0A2006BA903 /* HistoryProgressView.swift */ = {isa = PBXFileReference; lastKnownFileType = sourcecode.swift; path = HistoryProgressView.swift; sourceTree = "<group>"; };
		EACD022E25D37B15008D12FE /* TitleScreenView.swift */ = {isa = PBXFileReference; lastKnownFileType = sourcecode.swift; path = TitleScreenView.swift; sourceTree = "<group>"; };
		EACD023325D37CCB008D12FE /* DescriptionTitleScreenView.swift */ = {isa = PBXFileReference; lastKnownFileType = sourcecode.swift; path = DescriptionTitleScreenView.swift; sourceTree = "<group>"; };
		EACD023825D382AD008D12FE /* NumberTotalLearningObjectivesView.swift */ = {isa = PBXFileReference; lastKnownFileType = sourcecode.swift; path = NumberTotalLearningObjectivesView.swift; sourceTree = "<group>"; };
		EACD024125D502AB008D12FE /* Modifiers.swift */ = {isa = PBXFileReference; lastKnownFileType = sourcecode.swift; path = Modifiers.swift; sourceTree = "<group>"; };
		EACD024925D532A9008D12FE /* Webservices.swift */ = {isa = PBXFileReference; lastKnownFileType = sourcecode.swift; path = Webservices.swift; sourceTree = "<group>"; };
		EACD026B25DE8781008D12FE /* CustomDropDownMenuSelectPath.swift */ = {isa = PBXFileReference; lastKnownFileType = sourcecode.swift; path = CustomDropDownMenuSelectPath.swift; sourceTree = "<group>"; };
		EACD027025DE88AA008D12FE /* DropDownMenuSelectPath.swift */ = {isa = PBXFileReference; lastKnownFileType = sourcecode.swift; path = DropDownMenuSelectPath.swift; sourceTree = "<group>"; };
		EAD2C819257085CA008CDDA1 /* LearningObjectiveJourneyCell.swift */ = {isa = PBXFileReference; lastKnownFileType = sourcecode.swift; path = LearningObjectiveJourneyCell.swift; sourceTree = "<group>"; };
		EAE297AB2770A402005BD594 /* Topbar.swift */ = {isa = PBXFileReference; lastKnownFileType = sourcecode.swift; path = Topbar.swift; sourceTree = "<group>"; };
		EAF37038257A2A4900C72707 /* EmptyLearningObjectiveViewJourney.swift */ = {isa = PBXFileReference; lastKnownFileType = sourcecode.swift; path = EmptyLearningObjectiveViewJourney.swift; sourceTree = "<group>"; };
		EAF3703D257A2AC400C72707 /* ScrollViewLearningObjectives.swift */ = {isa = PBXFileReference; lastKnownFileType = sourcecode.swift; path = ScrollViewLearningObjectives.swift; sourceTree = "<group>"; };
/* End PBXFileReference section */

/* Begin PBXFrameworksBuildPhase section */
		964B6625256E6020006AB20E /* Frameworks */ = {
			isa = PBXFrameworksBuildPhase;
			buildActionMask = 2147483647;
			files = (
				EA7335682648B817004B761A /* Introspect in Frameworks */,
				EA5B447826310DF7002A97C7 /* SwiftKeychainWrapper in Frameworks */,
				EA139BD42640910900E15E28 /* JWTDecode in Frameworks */,
				964448BD25E500EA00F8359F /* Shapes in Frameworks */,
			);
			runOnlyForDeploymentPostprocessing = 0;
		};
		964B6637256E6022006AB20E /* Frameworks */ = {
			isa = PBXFrameworksBuildPhase;
			buildActionMask = 2147483647;
			files = (
			);
			runOnlyForDeploymentPostprocessing = 0;
		};
		964B6642256E6022006AB20E /* Frameworks */ = {
			isa = PBXFrameworksBuildPhase;
			buildActionMask = 2147483647;
			files = (
			);
			runOnlyForDeploymentPostprocessing = 0;
		};
/* End PBXFrameworksBuildPhase section */

/* Begin PBXGroup section */
		96114BBF25EFA8F300FA119C /* Components */ = {
			isa = PBXGroup;
			children = (
				9622DCE425DE80DA009ECCB4 /* CompassPopover.swift */,
				964C75A825EE5983002D8634 /* LegendView.swift */,
				96114BBB25EFA28C00FA119C /* DropDownMenuCompass.swift */,
				961DB4CD25E668410020E9F6 /* DatePicker.swift */,
				961DB4E125E66F610020E9F6 /* SliderView.swift */,
				96114BC025EFA92900FA119C /* ProgressBarGraph.swift */,
				960451E625F0F46000F34D9A /* BarGraphFrame.swift */,
				96BBAA84268325F000E9932E /* InfoButton.swift */,
				968BFD2F27298BF70025108D /* InfoButtonBarGraph.swift */,
				96314B1D27C4E51800293E44 /* SegmentedControl.swift */,
				9624648127CD138C00A83417 /* ChallengeChanger.swift */,
			);
			path = Components;
			sourceTree = "<group>";
		};
		9622DCE325DE80B5009ECCB4 /* Compass */ = {
			isa = PBXGroup;
			children = (
				96114BBF25EFA8F300FA119C /* Components */,
				E0BFADFA27B26DCD008FCAE6 /* MainCompassView.swift */,
				969DEAE525DFDEBD00599D63 /* CompassView.swift */,
				9672C8F325E3F46B005CC753 /* RadarChartView.swift */,
				960A8B2025E7B9FA00492C3F /* RadarGraphFrame.swift */,
				962F090D25E7C4F1001EAE85 /* ParticularCircle.swift */,
				9609087E2604A10900EB4242 /* LearningGoalsView.swift */,
				96533793260C898400316B7C /* StackNavigationView.swift */,
				E04251B62733EACD000A1D69 /* CoreRadarChartView.swift */,
			);
			path = Compass;
			sourceTree = "<group>";
		};
		964B661F256E6020006AB20E = {
			isa = PBXGroup;
			children = (
				964B662A256E6020006AB20E /* LJM */,
				964B663D256E6022006AB20E /* LJMTests */,
				964B6648256E6022006AB20E /* LJMUITests */,
				964B6629256E6020006AB20E /* Products */,
				96B1A089258397ED006DE527 /* Frameworks */,
			);
			sourceTree = "<group>";
		};
		964B6629256E6020006AB20E /* Products */ = {
			isa = PBXGroup;
			children = (
				964B6628256E6020006AB20E /* LJM.app */,
				964B663A256E6022006AB20E /* LJMTests.xctest */,
				964B6645256E6022006AB20E /* LJMUITests.xctest */,
			);
			name = Products;
			sourceTree = "<group>";
		};
		964B662A256E6020006AB20E /* LJM */ = {
			isa = PBXGroup;
			children = (
				E09527FE276B4DC0007AC788 /* Server Side */,
				E000216D274BF0CB0059A1C9 /* LJM.entitlements */,
				E032112D2716E6F900262144 /* FakeData */,
				E02DFE8D270C41F4004FF8B7 /* New Backend */,
				EACD024025D50299008D12FE /* Modifiers */,
				EA686F2C256F25B100C121DC /* Extensions */,
				964B665B256E6260006AB20E /* Screens */,
				964B665A256E6253006AB20E /* Components */,
				964B662F256E6022006AB20E /* Assets.xcassets */,
				964B6634256E6022006AB20E /* Info.plist */,
				964B6631256E6022006AB20E /* Preview Content */,
			);
			path = LJM;
			sourceTree = "<group>";
		};
		964B6631256E6022006AB20E /* Preview Content */ = {
			isa = PBXGroup;
			children = (
				964B6632256E6022006AB20E /* Preview Assets.xcassets */,
			);
			path = "Preview Content";
			sourceTree = "<group>";
		};
		964B663D256E6022006AB20E /* LJMTests */ = {
			isa = PBXGroup;
			children = (
				964B663E256E6022006AB20E /* LJMTests.swift */,
				964B6640256E6022006AB20E /* Info.plist */,
			);
			path = LJMTests;
			sourceTree = "<group>";
		};
		964B6648256E6022006AB20E /* LJMUITests */ = {
			isa = PBXGroup;
			children = (
				964B6649256E6022006AB20E /* LJMUITests.swift */,
				964B664B256E6022006AB20E /* Info.plist */,
			);
			path = LJMUITests;
			sourceTree = "<group>";
		};
		964B665A256E6253006AB20E /* Components */ = {
			isa = PBXGroup;
			children = (
				EAE297AA2770A3CC005BD594 /* Topbar */,
				A0682D28275A1CDB0068BA60 /* Filters */,
				967EE8CF256E784C008065C9 /* Sidebar */,
			);
			path = Components;
			sourceTree = "<group>";
		};
		964B665B256E6260006AB20E /* Screens */ = {
			isa = PBXGroup;
			children = (
				9670A975257105290043F227 /* StartView.swift */,
				964B662B256E6020006AB20E /* LJMApp.swift */,
				9622DCE325DE80B5009ECCB4 /* Compass */,
				EA686F0E256EF63900C121DC /* MyJourney */,
				EAE9E83F271453170032F50E /* Map */,
				E0267EFC27BA5DD60094DA17 /* Challenge */,
			);
			path = Screens;
			sourceTree = "<group>";
		};
		967EE8CF256E784C008065C9 /* Sidebar */ = {
			isa = PBXGroup;
			children = (
				964B665D256E64FD006AB20E /* StudentPictureView.swift */,
				9670A96D256EAA330043F227 /* SidebarElements.swift */,
			);
			path = Sidebar;
			sourceTree = "<group>";
		};
		96A410402572673800ACA0DE /* Components */ = {
			isa = PBXGroup;
			children = (
				96A4105025726DD600ACA0DE /* AddButton.swift */,
				96BE89CF257553BF00BE9E8F /* CountDownWrapper.swift */,
				96CC613D257A38FC00CE7ABD /* DropDownMenuFilters.swift */,
				96CE7BC525C4183A006C4CDA /* FilterChoice.swift */,
				9696F9342726A764009614F4 /* ContextMenuFilters.swift */,
				9696F9322726A13A009614F4 /* SortButtonMenu.swift */,
			);
			path = Components;
			sourceTree = "<group>";
		};
		96B1A089258397ED006DE527 /* Frameworks */ = {
			isa = PBXGroup;
			children = (
				96B1A08A258397ED006DE527 /* CoreData.framework */,
			);
			name = Frameworks;
			sourceTree = "<group>";
		};
		A0682D28275A1CDB0068BA60 /* Filters */ = {
			isa = PBXGroup;
			children = (
				A018956E275789D60054B1E6 /* Filters.swift */,
				A0682D2B275A1D180068BA60 /* FIltersModel.swift */,
			);
			path = Filters;
			sourceTree = "<group>";
		};
		E0267EFC27BA5DD60094DA17 /* Challenge */ = {
			isa = PBXGroup;
			children = (
				E052188E27BD31C6008CBA14 /* ChallengeMainView.swift */,
				E0267EFD27BA5DF40094DA17 /* ChallengeView.swift */,
				E0267EFF27BA5E100094DA17 /* MainChallenge.swift */,
				E0267F0127BA5E1E0094DA17 /* OtherChallenges.swift */,
				E052189027BD38EC008CBA14 /* SpecificChallengeView.swift */,
			);
			path = Challenge;
			sourceTree = "<group>";
		};
		E02DFE8D270C41F4004FF8B7 /* New Backend */ = {
			isa = PBXGroup;
			children = (
				E04251AA27295E00000A1D69 /* Models */,
				E02DFE89270AEC3F004FF8B7 /* newModels.swift */,
				E02DFE8B270C41E5004FF8B7 /* Observable.swift */,
				A08AA80527A14C9400F5FA63 /* DropboxManager.swift */,
				E0E87CD5272801C900FEF3D6 /* DocDemoDocument.swift */,
			);
			path = "New Backend";
			sourceTree = "<group>";
		};
		E032112D2716E6F900262144 /* FakeData */ = {
			isa = PBXGroup;
			children = (
				E0A3759727CCB6E600B46ECE /* Challeges.csv */,
				E0A3759A27CCEB1700B46ECE /* LearningObjectives.csv */,
				E02C351A274F8F6E00DD060C /* ALL PATHS-New.csv */,
			);
			path = FakeData;
			sourceTree = "<group>";
		};
		E04251AA27295E00000A1D69 /* Models */ = {
			isa = PBXGroup;
			children = (
				E04251B2272AAABA000A1D69 /* percistency_Manager.swift */,
				E04251AB27295F34000A1D69 /* StudentData.xcdatamodeld */,
			);
			path = Models;
			sourceTree = "<group>";
		};
		E09527FE276B4DC0007AC788 /* Server Side */ = {
			isa = PBXGroup;
			children = (
				E09527FF276B4DE5007AC788 /* Server Structures.swift */,
				E0952801276B5060007AC788 /* Services.swift */,
			);
			path = "Server Side";
			sourceTree = "<group>";
		};
		EA686EF7256EE48900C121DC /* Components */ = {
			isa = PBXGroup;
			children = (
				EA7028B92579C75000E1B6EB /* ScrollViewFilters.swift */,
				EAF3703D257A2AC400C72707 /* ScrollViewLearningObjectives.swift */,
				EACD022E25D37B15008D12FE /* TitleScreenView.swift */,
				EACD023325D37CCB008D12FE /* DescriptionTitleScreenView.swift */,
				EACD023825D382AD008D12FE /* NumberTotalLearningObjectivesView.swift */,
				961962452726C49900ECA524 /* AddLOButton.swift */,
				96E2DD842726EF170007D49B /* SearchBar.swift */,
				9673746A2733EDAD00A0EC5A /* DeleteButton.swift */,
				EA7028D82579F7D000E1B6EB /* MyJourney */,
			);
			path = Components;
			sourceTree = "<group>";
		};
		EA686F0E256EF63900C121DC /* MyJourney */ = {
			isa = PBXGroup;
			children = (
				EA686F0F256EF67B00C121DC /* MyJourneyView.swift */,
				EA5B445C262E6F23002A97C7 /* MyJourneyMainView.swift */,
				EA686EF7256EE48900C121DC /* Components */,
			);
			path = MyJourney;
			sourceTree = "<group>";
		};
		EA686F2C256F25B100C121DC /* Extensions */ = {
			isa = PBXGroup;
			children = (
				EA686F2D256F25CF00C121DC /* Extensions.swift */,
				9641C4A425778F1D0088A0B6 /* SizesExtension.swift */,
				EA7028D02579E32500E1B6EB /* ColorsExtension.swift */,
				EACD024925D532A9008D12FE /* Webservices.swift */,
				5579EB74263E06920086A4BE /* URLExtensions.swift */,
				965B5AA2274E45B4003420B2 /* CursorsExtension.swift */,
			);
			path = Extensions;
			sourceTree = "<group>";
		};
		EA7028D82579F7D000E1B6EB /* MyJourney */ = {
			isa = PBXGroup;
			children = (
				EACD027525DE88BC008D12FE /* DropDownMenu */,
				EA686EF8256EE4F300C121DC /* TopBarJourney.swift */,
				EA686F24256EFBFA00C121DC /* SearchBarExpandableJourney.swift */,
				EAD2C819257085CA008CDDA1 /* LearningObjectiveJourneyCell.swift */,
				EA70288F2572FDD300E1B6EB /* RatingView.swift */,
				EA7028B42579B2CF00E1B6EB /* BackgroundImageReadingStudent.swift */,
				EAF37038257A2A4900C72707 /* EmptyLearningObjectiveViewJourney.swift */,
				EACB5D7F25C2D0A2006BA903 /* HistoryProgressView.swift */,
			);
			path = MyJourney;
			sourceTree = "<group>";
		};
		EACD024025D50299008D12FE /* Modifiers */ = {
			isa = PBXGroup;
			children = (
				EACD024125D502AB008D12FE /* Modifiers.swift */,
			);
			path = Modifiers;
			sourceTree = "<group>";
		};
		EACD027525DE88BC008D12FE /* DropDownMenu */ = {
			isa = PBXGroup;
			children = (
				EACD026B25DE8781008D12FE /* CustomDropDownMenuSelectPath.swift */,
				EACD027025DE88AA008D12FE /* DropDownMenuSelectPath.swift */,
			);
			path = DropDownMenu;
			sourceTree = "<group>";
		};
		EAE297AA2770A3CC005BD594 /* Topbar */ = {
			isa = PBXGroup;
			children = (
				EAE297AB2770A402005BD594 /* Topbar.swift */,
				A032CC6927B1325B00D7E25B /* TopbarWithBack.swift */,
			);
			path = Topbar;
			sourceTree = "<group>";
		};
		EAE9E83F271453170032F50E /* Map */ = {
			isa = PBXGroup;
			children = (
				EA686F06256EF1F100C121DC /* MapMainView.swift */,
				EA686F17256EF69100C121DC /* MapView.swift */,
				96A410402572673800ACA0DE /* Components */,
			);
			path = Map;
			sourceTree = "<group>";
		};
/* End PBXGroup section */

/* Begin PBXNativeTarget section */
		964B6627256E6020006AB20E /* LJM */ = {
			isa = PBXNativeTarget;
			buildConfigurationList = 964B664E256E6022006AB20E /* Build configuration list for PBXNativeTarget "LJM" */;
			buildPhases = (
				964B6624256E6020006AB20E /* Sources */,
				964B6625256E6020006AB20E /* Frameworks */,
				964B6626256E6020006AB20E /* Resources */,
				969DEAF025DFE39300599D63 /* Embed Frameworks */,
			);
			buildRules = (
			);
			dependencies = (
			);
			name = LJM;
			packageProductDependencies = (
				964448BC25E500EA00F8359F /* Shapes */,
				EA5B447726310DF7002A97C7 /* SwiftKeychainWrapper */,
				EA139BD32640910900E15E28 /* JWTDecode */,
				EA7335672648B817004B761A /* Introspect */,
			);
			productName = LJM;
			productReference = 964B6628256E6020006AB20E /* LJM.app */;
			productType = "com.apple.product-type.application";
		};
		964B6639256E6022006AB20E /* LJMTests */ = {
			isa = PBXNativeTarget;
			buildConfigurationList = 964B6651256E6022006AB20E /* Build configuration list for PBXNativeTarget "LJMTests" */;
			buildPhases = (
				964B6636256E6022006AB20E /* Sources */,
				964B6637256E6022006AB20E /* Frameworks */,
				964B6638256E6022006AB20E /* Resources */,
			);
			buildRules = (
			);
			dependencies = (
				964B663C256E6022006AB20E /* PBXTargetDependency */,
			);
			name = LJMTests;
			productName = LJMTests;
			productReference = 964B663A256E6022006AB20E /* LJMTests.xctest */;
			productType = "com.apple.product-type.bundle.unit-test";
		};
		964B6644256E6022006AB20E /* LJMUITests */ = {
			isa = PBXNativeTarget;
			buildConfigurationList = 964B6654256E6022006AB20E /* Build configuration list for PBXNativeTarget "LJMUITests" */;
			buildPhases = (
				964B6641256E6022006AB20E /* Sources */,
				964B6642256E6022006AB20E /* Frameworks */,
				964B6643256E6022006AB20E /* Resources */,
			);
			buildRules = (
			);
			dependencies = (
				964B6647256E6022006AB20E /* PBXTargetDependency */,
			);
			name = LJMUITests;
			productName = LJMUITests;
			productReference = 964B6645256E6022006AB20E /* LJMUITests.xctest */;
			productType = "com.apple.product-type.bundle.ui-testing";
		};
/* End PBXNativeTarget section */

/* Begin PBXProject section */
		964B6620256E6020006AB20E /* Project object */ = {
			isa = PBXProject;
			attributes = {
				LastSwiftUpdateCheck = 1220;
				LastUpgradeCheck = 1230;
				TargetAttributes = {
					964B6627256E6020006AB20E = {
						CreatedOnToolsVersion = 12.2;
					};
					964B6639256E6022006AB20E = {
						CreatedOnToolsVersion = 12.2;
						TestTargetID = 964B6627256E6020006AB20E;
					};
					964B6644256E6022006AB20E = {
						CreatedOnToolsVersion = 12.2;
						TestTargetID = 964B6627256E6020006AB20E;
					};
				};
			};
			buildConfigurationList = 964B6623256E6020006AB20E /* Build configuration list for PBXProject "LJM" */;
			compatibilityVersion = "Xcode 9.3";
			developmentRegion = en;
			hasScannedForEncodings = 0;
			knownRegions = (
				en,
				Base,
			);
			mainGroup = 964B661F256E6020006AB20E;
			packageReferences = (
				964448BB25E500EA00F8359F /* XCRemoteSwiftPackageReference "swiftui-shapes" */,
				EA5B447626310DF7002A97C7 /* XCRemoteSwiftPackageReference "SwiftKeychainWrapper" */,
				EA139BD22640910900E15E28 /* XCRemoteSwiftPackageReference "JWTDecode.swift" */,
				EA7335662648B817004B761A /* XCRemoteSwiftPackageReference "SwiftUI-Introspect" */,
			);
			productRefGroup = 964B6629256E6020006AB20E /* Products */;
			projectDirPath = "";
			projectRoot = "";
			targets = (
				964B6627256E6020006AB20E /* LJM */,
				964B6639256E6022006AB20E /* LJMTests */,
				964B6644256E6022006AB20E /* LJMUITests */,
			);
		};
/* End PBXProject section */

/* Begin PBXResourcesBuildPhase section */
		964B6626256E6020006AB20E /* Resources */ = {
			isa = PBXResourcesBuildPhase;
			buildActionMask = 2147483647;
			files = (
				E02C351B274F8F6E00DD060C /* ALL PATHS-New.csv in Resources */,
				964B6633256E6022006AB20E /* Preview Assets.xcassets in Resources */,
				E0A3759B27CCEB1700B46ECE /* LearningObjectives.csv in Resources */,
				E0A3759927CCB6E600B46ECE /* Challeges.csv in Resources */,
				964B6630256E6022006AB20E /* Assets.xcassets in Resources */,
			);
			runOnlyForDeploymentPostprocessing = 0;
		};
		964B6638256E6022006AB20E /* Resources */ = {
			isa = PBXResourcesBuildPhase;
			buildActionMask = 2147483647;
			files = (
			);
			runOnlyForDeploymentPostprocessing = 0;
		};
		964B6643256E6022006AB20E /* Resources */ = {
			isa = PBXResourcesBuildPhase;
			buildActionMask = 2147483647;
			files = (
			);
			runOnlyForDeploymentPostprocessing = 0;
		};
/* End PBXResourcesBuildPhase section */

/* Begin PBXSourcesBuildPhase section */
		964B6624256E6020006AB20E /* Sources */ = {
			isa = PBXSourcesBuildPhase;
			buildActionMask = 2147483647;
			files = (
				E052188F27BD31C6008CBA14 /* ChallengeMainView.swift in Sources */,
				96114BBC25EFA28C00FA119C /* DropDownMenuCompass.swift in Sources */,
				96CE7BC625C4183A006C4CDA /* FilterChoice.swift in Sources */,
				EA7028B52579B2CF00E1B6EB /* BackgroundImageReadingStudent.swift in Sources */,
				EA7028BA2579C75000E1B6EB /* ScrollViewFilters.swift in Sources */,
				EACD024225D502AB008D12FE /* Modifiers.swift in Sources */,
				960451E725F0F46000F34D9A /* BarGraphFrame.swift in Sources */,
				EACD024A25D532A9008D12FE /* Webservices.swift in Sources */,
				EA686F10256EF67B00C121DC /* MyJourneyView.swift in Sources */,
				9670A96E256EAA330043F227 /* SidebarElements.swift in Sources */,
				E0952800276B4DE5007AC788 /* Server Structures.swift in Sources */,
				A08AA80627A14C9400F5FA63 /* DropboxManager.swift in Sources */,
				969DEAE625DFDEBD00599D63 /* CompassView.swift in Sources */,
				96114BC125EFA92900FA119C /* ProgressBarGraph.swift in Sources */,
				EA7028902572FDD300E1B6EB /* RatingView.swift in Sources */,
				E0267EFE27BA5DF40094DA17 /* ChallengeView.swift in Sources */,
				96A4105125726DD600ACA0DE /* AddButton.swift in Sources */,
				E0E87CD6272801C900FEF3D6 /* DocDemoDocument.swift in Sources */,
				A018956F275789D60054B1E6 /* Filters.swift in Sources */,
				9609087F2604A10900EB4242 /* LearningGoalsView.swift in Sources */,
				968BFD3027298BF70025108D /* InfoButtonBarGraph.swift in Sources */,
				96E2DD852726EF170007D49B /* SearchBar.swift in Sources */,
				964B665E256E64FD006AB20E /* StudentPictureView.swift in Sources */,
				EACD027125DE88AA008D12FE /* DropDownMenuSelectPath.swift in Sources */,
				EA686F07256EF1F100C121DC /* MapMainView.swift in Sources */,
				EA7028D12579E32500E1B6EB /* ColorsExtension.swift in Sources */,
				E0952802276B5060007AC788 /* Services.swift in Sources */,
				964C75A925EE5983002D8634 /* LegendView.swift in Sources */,
				961962462726C49900ECA524 /* AddLOButton.swift in Sources */,
				9672C8F425E3F46B005CC753 /* RadarChartView.swift in Sources */,
				EA5B445D262E6F23002A97C7 /* MyJourneyMainView.swift in Sources */,
				9696F9352726A764009614F4 /* ContextMenuFilters.swift in Sources */,
				EA686EF9256EE4F300C121DC /* TopBarJourney.swift in Sources */,
				96CC613F257A38FC00CE7ABD /* DropDownMenuFilters.swift in Sources */,
				9624648227CD138C00A83417 /* ChallengeChanger.swift in Sources */,
				9673746B2733EDAD00A0EC5A /* DeleteButton.swift in Sources */,
				96314B1E27C4E51800293E44 /* SegmentedControl.swift in Sources */,
				965B5AA3274E45B4003420B2 /* CursorsExtension.swift in Sources */,
				A032CC6A27B1325B00D7E25B /* TopbarWithBack.swift in Sources */,
				EA686F2E256F25CF00C121DC /* Extensions.swift in Sources */,
				EA686F25256EFBFA00C121DC /* SearchBarExpandableJourney.swift in Sources */,
				A0682D2C275A1D180068BA60 /* FIltersModel.swift in Sources */,
				9670A976257105290043F227 /* StartView.swift in Sources */,
				EAE297AC2770A402005BD594 /* Topbar.swift in Sources */,
				E052189127BD38EC008CBA14 /* SpecificChallengeView.swift in Sources */,
				EACD022F25D37B15008D12FE /* TitleScreenView.swift in Sources */,
				E04251B72733EACD000A1D69 /* CoreRadarChartView.swift in Sources */,
				E02DFE8A270AEC3F004FF8B7 /* newModels.swift in Sources */,
				962F090E25E7C4F1001EAE85 /* ParticularCircle.swift in Sources */,
				E0267F0227BA5E1E0094DA17 /* OtherChallenges.swift in Sources */,
				E0267F0027BA5E100094DA17 /* MainChallenge.swift in Sources */,
				9641C4A525778F1D0088A0B6 /* SizesExtension.swift in Sources */,
				E04251AD27295F34000A1D69 /* StudentData.xcdatamodeld in Sources */,
				964B662C256E6020006AB20E /* LJMApp.swift in Sources */,
				EAF3703E257A2AC400C72707 /* ScrollViewLearningObjectives.swift in Sources */,
				961DB4E225E66F610020E9F6 /* SliderView.swift in Sources */,
				EACD026C25DE8781008D12FE /* CustomDropDownMenuSelectPath.swift in Sources */,
				EAD2C81A257085CA008CDDA1 /* LearningObjectiveJourneyCell.swift in Sources */,
				EACD023425D37CCB008D12FE /* DescriptionTitleScreenView.swift in Sources */,
				EACD023925D382AD008D12FE /* NumberTotalLearningObjectivesView.swift in Sources */,
				E02DFE8C270C41E5004FF8B7 /* Observable.swift in Sources */,
				5579EB75263E06920086A4BE /* URLExtensions.swift in Sources */,
				96BE89D0257553BF00BE9E8F /* CountDownWrapper.swift in Sources */,
				9696F9332726A13A009614F4 /* SortButtonMenu.swift in Sources */,
				9622DCE525DE80DA009ECCB4 /* CompassPopover.swift in Sources */,
				960A8B2125E7B9FA00492C3F /* RadarGraphFrame.swift in Sources */,
				E04251B3272AAABA000A1D69 /* percistency_Manager.swift in Sources */,
				EAF37039257A2A4900C72707 /* EmptyLearningObjectiveViewJourney.swift in Sources */,
				E0BFADFB27B26DCD008FCAE6 /* MainCompassView.swift in Sources */,
				EA686F18256EF69100C121DC /* MapView.swift in Sources */,
				EACB5D8025C2D0A2006BA903 /* HistoryProgressView.swift in Sources */,
				96533794260C898400316B7C /* StackNavigationView.swift in Sources */,
				96BBAA85268325F000E9932E /* InfoButton.swift in Sources */,
				961DB4CE25E668410020E9F6 /* DatePicker.swift in Sources */,
			);
			runOnlyForDeploymentPostprocessing = 0;
		};
		964B6636256E6022006AB20E /* Sources */ = {
			isa = PBXSourcesBuildPhase;
			buildActionMask = 2147483647;
			files = (
				964B663F256E6022006AB20E /* LJMTests.swift in Sources */,
			);
			runOnlyForDeploymentPostprocessing = 0;
		};
		964B6641256E6022006AB20E /* Sources */ = {
			isa = PBXSourcesBuildPhase;
			buildActionMask = 2147483647;
			files = (
				964B664A256E6022006AB20E /* LJMUITests.swift in Sources */,
			);
			runOnlyForDeploymentPostprocessing = 0;
		};
/* End PBXSourcesBuildPhase section */

/* Begin PBXTargetDependency section */
		964B663C256E6022006AB20E /* PBXTargetDependency */ = {
			isa = PBXTargetDependency;
			target = 964B6627256E6020006AB20E /* LJM */;
			targetProxy = 964B663B256E6022006AB20E /* PBXContainerItemProxy */;
		};
		964B6647256E6022006AB20E /* PBXTargetDependency */ = {
			isa = PBXTargetDependency;
			target = 964B6627256E6020006AB20E /* LJM */;
			targetProxy = 964B6646256E6022006AB20E /* PBXContainerItemProxy */;
		};
/* End PBXTargetDependency section */

/* Begin XCBuildConfiguration section */
		964B664C256E6022006AB20E /* Debug */ = {
			isa = XCBuildConfiguration;
			buildSettings = {
				ALWAYS_SEARCH_USER_PATHS = NO;
				ASSETCATALOG_COMPILER_GLOBAL_ACCENT_COLOR_NAME = "";
				CLANG_ANALYZER_NONNULL = YES;
				CLANG_ANALYZER_NUMBER_OBJECT_CONVERSION = YES_AGGRESSIVE;
				CLANG_CXX_LANGUAGE_STANDARD = "gnu++14";
				CLANG_CXX_LIBRARY = "libc++";
				CLANG_ENABLE_MODULES = YES;
				CLANG_ENABLE_OBJC_ARC = YES;
				CLANG_ENABLE_OBJC_WEAK = YES;
				CLANG_WARN_BLOCK_CAPTURE_AUTORELEASING = YES;
				CLANG_WARN_BOOL_CONVERSION = YES;
				CLANG_WARN_COMMA = YES;
				CLANG_WARN_CONSTANT_CONVERSION = YES;
				CLANG_WARN_DEPRECATED_OBJC_IMPLEMENTATIONS = YES;
				CLANG_WARN_DIRECT_OBJC_ISA_USAGE = YES_ERROR;
				CLANG_WARN_DOCUMENTATION_COMMENTS = YES;
				CLANG_WARN_EMPTY_BODY = YES;
				CLANG_WARN_ENUM_CONVERSION = YES;
				CLANG_WARN_INFINITE_RECURSION = YES;
				CLANG_WARN_INT_CONVERSION = YES;
				CLANG_WARN_NON_LITERAL_NULL_CONVERSION = YES;
				CLANG_WARN_OBJC_IMPLICIT_RETAIN_SELF = YES;
				CLANG_WARN_OBJC_LITERAL_CONVERSION = YES;
				CLANG_WARN_OBJC_ROOT_CLASS = YES_ERROR;
				CLANG_WARN_QUOTED_INCLUDE_IN_FRAMEWORK_HEADER = YES;
				CLANG_WARN_RANGE_LOOP_ANALYSIS = YES;
				CLANG_WARN_STRICT_PROTOTYPES = YES;
				CLANG_WARN_SUSPICIOUS_MOVE = YES;
				CLANG_WARN_UNGUARDED_AVAILABILITY = YES_AGGRESSIVE;
				CLANG_WARN_UNREACHABLE_CODE = YES;
				CLANG_WARN__DUPLICATE_METHOD_MATCH = YES;
				COPY_PHASE_STRIP = NO;
				DEBUG_INFORMATION_FORMAT = dwarf;
				ENABLE_STRICT_OBJC_MSGSEND = YES;
				ENABLE_TESTABILITY = YES;
				GCC_C_LANGUAGE_STANDARD = gnu11;
				GCC_DYNAMIC_NO_PIC = NO;
				GCC_NO_COMMON_BLOCKS = YES;
				GCC_OPTIMIZATION_LEVEL = 0;
				GCC_PREPROCESSOR_DEFINITIONS = (
					"DEBUG=1",
					"$(inherited)",
				);
				GCC_WARN_64_TO_32_BIT_CONVERSION = YES;
				GCC_WARN_ABOUT_RETURN_TYPE = YES_ERROR;
				GCC_WARN_UNDECLARED_SELECTOR = YES;
				GCC_WARN_UNINITIALIZED_AUTOS = YES_AGGRESSIVE;
				GCC_WARN_UNUSED_FUNCTION = YES;
				GCC_WARN_UNUSED_VARIABLE = YES;
				MACOSX_DEPLOYMENT_TARGET = 11.0;
				MTL_ENABLE_DEBUG_INFO = INCLUDE_SOURCE;
				MTL_FAST_MATH = YES;
				ONLY_ACTIVE_ARCH = YES;
				SDKROOT = macosx;
				SWIFT_ACTIVE_COMPILATION_CONDITIONS = DEBUG;
				SWIFT_OPTIMIZATION_LEVEL = "-Onone";
			};
			name = Debug;
		};
		964B664D256E6022006AB20E /* Release */ = {
			isa = XCBuildConfiguration;
			buildSettings = {
				ALWAYS_SEARCH_USER_PATHS = NO;
				ASSETCATALOG_COMPILER_GLOBAL_ACCENT_COLOR_NAME = "";
				CLANG_ANALYZER_NONNULL = YES;
				CLANG_ANALYZER_NUMBER_OBJECT_CONVERSION = YES_AGGRESSIVE;
				CLANG_CXX_LANGUAGE_STANDARD = "gnu++14";
				CLANG_CXX_LIBRARY = "libc++";
				CLANG_ENABLE_MODULES = YES;
				CLANG_ENABLE_OBJC_ARC = YES;
				CLANG_ENABLE_OBJC_WEAK = YES;
				CLANG_WARN_BLOCK_CAPTURE_AUTORELEASING = YES;
				CLANG_WARN_BOOL_CONVERSION = YES;
				CLANG_WARN_COMMA = YES;
				CLANG_WARN_CONSTANT_CONVERSION = YES;
				CLANG_WARN_DEPRECATED_OBJC_IMPLEMENTATIONS = YES;
				CLANG_WARN_DIRECT_OBJC_ISA_USAGE = YES_ERROR;
				CLANG_WARN_DOCUMENTATION_COMMENTS = YES;
				CLANG_WARN_EMPTY_BODY = YES;
				CLANG_WARN_ENUM_CONVERSION = YES;
				CLANG_WARN_INFINITE_RECURSION = YES;
				CLANG_WARN_INT_CONVERSION = YES;
				CLANG_WARN_NON_LITERAL_NULL_CONVERSION = YES;
				CLANG_WARN_OBJC_IMPLICIT_RETAIN_SELF = YES;
				CLANG_WARN_OBJC_LITERAL_CONVERSION = YES;
				CLANG_WARN_OBJC_ROOT_CLASS = YES_ERROR;
				CLANG_WARN_QUOTED_INCLUDE_IN_FRAMEWORK_HEADER = YES;
				CLANG_WARN_RANGE_LOOP_ANALYSIS = YES;
				CLANG_WARN_STRICT_PROTOTYPES = YES;
				CLANG_WARN_SUSPICIOUS_MOVE = YES;
				CLANG_WARN_UNGUARDED_AVAILABILITY = YES_AGGRESSIVE;
				CLANG_WARN_UNREACHABLE_CODE = YES;
				CLANG_WARN__DUPLICATE_METHOD_MATCH = YES;
				COPY_PHASE_STRIP = NO;
				DEBUG_INFORMATION_FORMAT = "dwarf-with-dsym";
				ENABLE_NS_ASSERTIONS = NO;
				ENABLE_STRICT_OBJC_MSGSEND = YES;
				GCC_C_LANGUAGE_STANDARD = gnu11;
				GCC_NO_COMMON_BLOCKS = YES;
				GCC_WARN_64_TO_32_BIT_CONVERSION = YES;
				GCC_WARN_ABOUT_RETURN_TYPE = YES_ERROR;
				GCC_WARN_UNDECLARED_SELECTOR = YES;
				GCC_WARN_UNINITIALIZED_AUTOS = YES_AGGRESSIVE;
				GCC_WARN_UNUSED_FUNCTION = YES;
				GCC_WARN_UNUSED_VARIABLE = YES;
				MACOSX_DEPLOYMENT_TARGET = 11.0;
				MTL_ENABLE_DEBUG_INFO = NO;
				MTL_FAST_MATH = YES;
				SDKROOT = macosx;
				SWIFT_COMPILATION_MODE = wholemodule;
				SWIFT_OPTIMIZATION_LEVEL = "-O";
			};
			name = Release;
		};
		964B664F256E6022006AB20E /* Debug */ = {
			isa = XCBuildConfiguration;
			buildSettings = {
				ASSETCATALOG_COMPILER_APPICON_NAME = AppIcon;
				ASSETCATALOG_COMPILER_GLOBAL_ACCENT_COLOR_NAME = "Accent Color";
				CODE_SIGN_ENTITLEMENTS = LJM/LJM.entitlements;
				CODE_SIGN_IDENTITY = "Apple Development";
				CODE_SIGN_STYLE = Automatic;
				COMBINE_HIDPI_IMAGES = YES;
				CURRENT_PROJECT_VERSION = 2;
				DEVELOPMENT_ASSET_PATHS = "\"LJM/Preview Content\"";
				DEVELOPMENT_TEAM = KXZF72639J;
				ENABLE_HARDENED_RUNTIME = YES;
				ENABLE_PREVIEWS = YES;
				INFOPLIST_FILE = LJM/Info.plist;
				LD_RUNPATH_SEARCH_PATHS = (
					"$(inherited)",
					"@executable_path/../Frameworks",
				);
				MACOSX_DEPLOYMENT_TARGET = 11.0;
				MARKETING_VERSION = 2.0;
				PRODUCT_BUNDLE_IDENTIFIER = institute.imaginary.ljm;
				PRODUCT_NAME = "$(TARGET_NAME)";
				PROVISIONING_PROFILE_SPECIFIER = "";
				SWIFT_COMPILATION_MODE = wholemodule;
				SWIFT_VERSION = 5.0;
			};
			name = Debug;
		};
		964B6650256E6022006AB20E /* Release */ = {
			isa = XCBuildConfiguration;
			buildSettings = {
				ASSETCATALOG_COMPILER_APPICON_NAME = AppIcon;
				ASSETCATALOG_COMPILER_GLOBAL_ACCENT_COLOR_NAME = "Accent Color";
				CODE_SIGN_ENTITLEMENTS = LJM/LJM.entitlements;
				CODE_SIGN_IDENTITY = "Apple Development";
				CODE_SIGN_STYLE = Automatic;
				COMBINE_HIDPI_IMAGES = YES;
				CURRENT_PROJECT_VERSION = 2;
				DEVELOPMENT_ASSET_PATHS = "\"LJM/Preview Content\"";
				DEVELOPMENT_TEAM = KXZF72639J;
				ENABLE_HARDENED_RUNTIME = YES;
				ENABLE_PREVIEWS = YES;
				INFOPLIST_FILE = LJM/Info.plist;
				LD_RUNPATH_SEARCH_PATHS = (
					"$(inherited)",
					"@executable_path/../Frameworks",
				);
				MACOSX_DEPLOYMENT_TARGET = 11.0;
				MARKETING_VERSION = 2.0;
				PRODUCT_BUNDLE_IDENTIFIER = institute.imaginary.ljm;
				PRODUCT_NAME = "$(TARGET_NAME)";
				PROVISIONING_PROFILE_SPECIFIER = "";
				SWIFT_COMPILATION_MODE = wholemodule;
				SWIFT_VERSION = 5.0;
			};
			name = Release;
		};
		964B6652256E6022006AB20E /* Debug */ = {
			isa = XCBuildConfiguration;
			buildSettings = {
				ALWAYS_EMBED_SWIFT_STANDARD_LIBRARIES = YES;
				BUNDLE_LOADER = "$(TEST_HOST)";
				CODE_SIGN_IDENTITY = "Apple Development";
				CODE_SIGN_STYLE = Automatic;
				COMBINE_HIDPI_IMAGES = YES;
				DEVELOPMENT_TEAM = KXZF72639J;
				INFOPLIST_FILE = LJMTests/Info.plist;
				LD_RUNPATH_SEARCH_PATHS = (
					"$(inherited)",
					"@executable_path/../Frameworks",
					"@loader_path/../Frameworks",
				);
				MACOSX_DEPLOYMENT_TARGET = 11.0;
				PRODUCT_BUNDLE_IDENTIFIER = laurabenetti.LJM.LJMTests;
				PRODUCT_NAME = "$(TARGET_NAME)";
				SWIFT_VERSION = 5.0;
				TEST_HOST = "$(BUILT_PRODUCTS_DIR)/LJM.app/Contents/MacOS/LJM";
			};
			name = Debug;
		};
		964B6653256E6022006AB20E /* Release */ = {
			isa = XCBuildConfiguration;
			buildSettings = {
				ALWAYS_EMBED_SWIFT_STANDARD_LIBRARIES = YES;
				BUNDLE_LOADER = "$(TEST_HOST)";
				CODE_SIGN_IDENTITY = "Apple Development";
				CODE_SIGN_STYLE = Automatic;
				COMBINE_HIDPI_IMAGES = YES;
				DEVELOPMENT_TEAM = KXZF72639J;
				INFOPLIST_FILE = LJMTests/Info.plist;
				LD_RUNPATH_SEARCH_PATHS = (
					"$(inherited)",
					"@executable_path/../Frameworks",
					"@loader_path/../Frameworks",
				);
				MACOSX_DEPLOYMENT_TARGET = 11.0;
				PRODUCT_BUNDLE_IDENTIFIER = laurabenetti.LJM.LJMTests;
				PRODUCT_NAME = "$(TARGET_NAME)";
				SWIFT_VERSION = 5.0;
				TEST_HOST = "$(BUILT_PRODUCTS_DIR)/LJM.app/Contents/MacOS/LJM";
			};
			name = Release;
		};
		964B6655256E6022006AB20E /* Debug */ = {
			isa = XCBuildConfiguration;
			buildSettings = {
				ALWAYS_EMBED_SWIFT_STANDARD_LIBRARIES = YES;
				CODE_SIGN_IDENTITY = "Apple Development";
				CODE_SIGN_STYLE = Automatic;
				COMBINE_HIDPI_IMAGES = YES;
				DEVELOPMENT_TEAM = KXZF72639J;
				INFOPLIST_FILE = LJMUITests/Info.plist;
				LD_RUNPATH_SEARCH_PATHS = (
					"$(inherited)",
					"@executable_path/../Frameworks",
					"@loader_path/../Frameworks",
				);
				PRODUCT_BUNDLE_IDENTIFIER = laurabenetti.LJM.LJMUITests;
				PRODUCT_NAME = "$(TARGET_NAME)";
				PROVISIONING_PROFILE_SPECIFIER = "";
				SWIFT_VERSION = 5.0;
				TEST_TARGET_NAME = LJM;
			};
			name = Debug;
		};
		964B6656256E6022006AB20E /* Release */ = {
			isa = XCBuildConfiguration;
			buildSettings = {
				ALWAYS_EMBED_SWIFT_STANDARD_LIBRARIES = YES;
				CODE_SIGN_IDENTITY = "Apple Development";
				CODE_SIGN_STYLE = Automatic;
				COMBINE_HIDPI_IMAGES = YES;
				DEVELOPMENT_TEAM = KXZF72639J;
				INFOPLIST_FILE = LJMUITests/Info.plist;
				LD_RUNPATH_SEARCH_PATHS = (
					"$(inherited)",
					"@executable_path/../Frameworks",
					"@loader_path/../Frameworks",
				);
				PRODUCT_BUNDLE_IDENTIFIER = laurabenetti.LJM.LJMUITests;
				PRODUCT_NAME = "$(TARGET_NAME)";
				PROVISIONING_PROFILE_SPECIFIER = "";
				SWIFT_VERSION = 5.0;
				TEST_TARGET_NAME = LJM;
			};
			name = Release;
		};
/* End XCBuildConfiguration section */

/* Begin XCConfigurationList section */
		964B6623256E6020006AB20E /* Build configuration list for PBXProject "LJM" */ = {
			isa = XCConfigurationList;
			buildConfigurations = (
				964B664C256E6022006AB20E /* Debug */,
				964B664D256E6022006AB20E /* Release */,
			);
			defaultConfigurationIsVisible = 0;
			defaultConfigurationName = Release;
		};
		964B664E256E6022006AB20E /* Build configuration list for PBXNativeTarget "LJM" */ = {
			isa = XCConfigurationList;
			buildConfigurations = (
				964B664F256E6022006AB20E /* Debug */,
				964B6650256E6022006AB20E /* Release */,
			);
			defaultConfigurationIsVisible = 0;
			defaultConfigurationName = Release;
		};
		964B6651256E6022006AB20E /* Build configuration list for PBXNativeTarget "LJMTests" */ = {
			isa = XCConfigurationList;
			buildConfigurations = (
				964B6652256E6022006AB20E /* Debug */,
				964B6653256E6022006AB20E /* Release */,
			);
			defaultConfigurationIsVisible = 0;
			defaultConfigurationName = Release;
		};
		964B6654256E6022006AB20E /* Build configuration list for PBXNativeTarget "LJMUITests" */ = {
			isa = XCConfigurationList;
			buildConfigurations = (
				964B6655256E6022006AB20E /* Debug */,
				964B6656256E6022006AB20E /* Release */,
			);
			defaultConfigurationIsVisible = 0;
			defaultConfigurationName = Release;
		};
/* End XCConfigurationList section */

/* Begin XCRemoteSwiftPackageReference section */
		964448BB25E500EA00F8359F /* XCRemoteSwiftPackageReference "swiftui-shapes" */ = {
			isa = XCRemoteSwiftPackageReference;
			repositoryURL = "https://github.com/spacenation/swiftui-shapes";
			requirement = {
				kind = upToNextMajorVersion;
				minimumVersion = 1.1.0;
			};
		};
		EA139BD22640910900E15E28 /* XCRemoteSwiftPackageReference "JWTDecode.swift" */ = {
			isa = XCRemoteSwiftPackageReference;
			repositoryURL = "https://github.com/auth0/JWTDecode.swift.git";
			requirement = {
				kind = upToNextMajorVersion;
				minimumVersion = 2.6.0;
			};
		};
		EA5B447626310DF7002A97C7 /* XCRemoteSwiftPackageReference "SwiftKeychainWrapper" */ = {
			isa = XCRemoteSwiftPackageReference;
			repositoryURL = "https://github.com/jrendel/SwiftKeychainWrapper";
			requirement = {
				kind = upToNextMajorVersion;
				minimumVersion = 4.0.1;
			};
		};
		EA7335662648B817004B761A /* XCRemoteSwiftPackageReference "SwiftUI-Introspect" */ = {
			isa = XCRemoteSwiftPackageReference;
			repositoryURL = "https://github.com/siteline/SwiftUI-Introspect.git";
			requirement = {
				kind = upToNextMajorVersion;
				minimumVersion = 0.1.3;
			};
		};
/* End XCRemoteSwiftPackageReference section */

/* Begin XCSwiftPackageProductDependency section */
		964448BC25E500EA00F8359F /* Shapes */ = {
			isa = XCSwiftPackageProductDependency;
			package = 964448BB25E500EA00F8359F /* XCRemoteSwiftPackageReference "swiftui-shapes" */;
			productName = Shapes;
		};
		EA139BD32640910900E15E28 /* JWTDecode */ = {
			isa = XCSwiftPackageProductDependency;
			package = EA139BD22640910900E15E28 /* XCRemoteSwiftPackageReference "JWTDecode.swift" */;
			productName = JWTDecode;
		};
		EA5B447726310DF7002A97C7 /* SwiftKeychainWrapper */ = {
			isa = XCSwiftPackageProductDependency;
			package = EA5B447626310DF7002A97C7 /* XCRemoteSwiftPackageReference "SwiftKeychainWrapper" */;
			productName = SwiftKeychainWrapper;
		};
		EA7335672648B817004B761A /* Introspect */ = {
			isa = XCSwiftPackageProductDependency;
			package = EA7335662648B817004B761A /* XCRemoteSwiftPackageReference "SwiftUI-Introspect" */;
			productName = Introspect;
		};
/* End XCSwiftPackageProductDependency section */

/* Begin XCVersionGroup section */
		E04251AB27295F34000A1D69 /* StudentData.xcdatamodeld */ = {
			isa = XCVersionGroup;
			children = (
				E04251AC27295F34000A1D69 /* profile.xcdatamodel */,
			);
			currentVersion = E04251AC27295F34000A1D69 /* profile.xcdatamodel */;
			path = StudentData.xcdatamodeld;
			sourceTree = "<group>";
			versionGroupType = wrapper.xcdatamodel;
		};
/* End XCVersionGroup section */
	};
	rootObject = 964B6620256E6020006AB20E /* Project object */;
}
